
Microsoft Visual Studio Solution File, Format Version 12.00
# Visual Studio Version 16
VisualStudioVersion = 16.0.30225.117
MinimumVisualStudioVersion = 10.0.40219.1
Project("{8BC9CEB8-8B4A-11D0-8D11-00A0C91BC942}") = "P1", "P1\P1.vcxproj", "{A9085DFB-8087-4712-8EEE-166990002758}"
EndProject
Project("{8BC9CEB8-8B4A-11D0-8D11-00A0C91BC942}") = "P2", "P2\P2.vcxproj", "{866D7698-8BB3-4C2A-8CBD-0117F718183C}"
EndProject
Project("{8BC9CEB8-8B4A-11D0-8D11-00A0C91BC942}") = "P3", "P3\P3.vcxproj", "{78C60152-292A-4229-AF97-698122E313EC}"
EndProject
Project("{8BC9CEB8-8B4A-11D0-8D11-00A0C91BC942}") = "P4", "P4\P4.vcxproj", "{C791F911-5CCE-4F9B-8DE0-DE448AD8F2DF}"
EndProject
Project("{8BC9CEB8-8B4A-11D0-8D11-00A0C91BC942}") = "P5", "P5\P5.vcxproj", "{ED05B0EC-35B7-4D0E-B61C-2793F502A7E8}"
EndProject
Project("{8BC9CEB8-8B4A-11D0-8D11-00A0C91BC942}") = "P6", "P6\P6.vcxproj", "{034EE41A-CCE9-4F68-B828-BCAEAED01B87}"
EndProject
Project("{8BC9CEB8-8B4A-11D0-8D11-00A0C91BC942}") = "P7", "P7\P7.vcxproj", "{9E28B7F4-488F-4619-986D-C81466DE70D8}"
EndProject
Project("{8BC9CEB8-8B4A-11D0-8D11-00A0C91BC942}") = "P8", "P8\P8.vcxproj", "{415AB948-E645-484D-BDBC-34CD58675058}"
EndProject
Project("{8BC9CEB8-8B4A-11D0-8D11-00A0C91BC942}") = "P9", "P9\P9.vcxproj", "{E8D4C4DC-C627-48D3-AAC9-2E1C13613CB6}"
EndProject
Project("{8BC9CEB8-8B4A-11D0-8D11-00A0C91BC942}") = "P10", "P10\P10.vcxproj", "{F46645F6-9E35-4361-8A1F-CC8D744DA28A}"
EndProject
Project("{8BC9CEB8-8B4A-11D0-8D11-00A0C91BC942}") = "P11", "P11\P11.vcxproj", "{ED29D6C0-E785-4EFD-A0D8-2D81264F5495}"
EndProject
Global
	GlobalSection(SolutionConfigurationPlatforms) = preSolution
		Debug|x64 = Debug|x64
		Debug|x86 = Debug|x86
		Release|x64 = Release|x64
		Release|x86 = Release|x86
	EndGlobalSection
	GlobalSection(ProjectConfigurationPlatforms) = postSolution
		{A9085DFB-8087-4712-8EEE-166990002758}.Debug|x64.ActiveCfg = Debug|x64
		{A9085DFB-8087-4712-8EEE-166990002758}.Debug|x64.Build.0 = Debug|x64
		{A9085DFB-8087-4712-8EEE-166990002758}.Debug|x86.ActiveCfg = Debug|Win32
		{A9085DFB-8087-4712-8EEE-166990002758}.Debug|x86.Build.0 = Debug|Win32
		{A9085DFB-8087-4712-8EEE-166990002758}.Release|x64.ActiveCfg = Release|x64
		{A9085DFB-8087-4712-8EEE-166990002758}.Release|x64.Build.0 = Release|x64
		{A9085DFB-8087-4712-8EEE-166990002758}.Release|x86.ActiveCfg = Release|Win32
		{A9085DFB-8087-4712-8EEE-166990002758}.Release|x86.Build.0 = Release|Win32
		{866D7698-8BB3-4C2A-8CBD-0117F718183C}.Debug|x64.ActiveCfg = Debug|x64
		{866D7698-8BB3-4C2A-8CBD-0117F718183C}.Debug|x64.Build.0 = Debug|x64
		{866D7698-8BB3-4C2A-8CBD-0117F718183C}.Debug|x86.ActiveCfg = Debug|Win32
		{866D7698-8BB3-4C2A-8CBD-0117F718183C}.Debug|x86.Build.0 = Debug|Win32
		{866D7698-8BB3-4C2A-8CBD-0117F718183C}.Release|x64.ActiveCfg = Release|x64
		{866D7698-8BB3-4C2A-8CBD-0117F718183C}.Release|x64.Build.0 = Release|x64
		{866D7698-8BB3-4C2A-8CBD-0117F718183C}.Release|x86.ActiveCfg = Release|Win32
		{866D7698-8BB3-4C2A-8CBD-0117F718183C}.Release|x86.Build.0 = Release|Win32
		{78C60152-292A-4229-AF97-698122E313EC}.Debug|x64.ActiveCfg = Debug|x64
		{78C60152-292A-4229-AF97-698122E313EC}.Debug|x64.Build.0 = Debug|x64
		{78C60152-292A-4229-AF97-698122E313EC}.Debug|x86.ActiveCfg = Debug|Win32
		{78C60152-292A-4229-AF97-698122E313EC}.Debug|x86.Build.0 = Debug|Win32
		{78C60152-292A-4229-AF97-698122E313EC}.Release|x64.ActiveCfg = Release|x64
		{78C60152-292A-4229-AF97-698122E313EC}.Release|x64.Build.0 = Release|x64
		{78C60152-292A-4229-AF97-698122E313EC}.Release|x86.ActiveCfg = Release|Win32
		{78C60152-292A-4229-AF97-698122E313EC}.Release|x86.Build.0 = Release|Win32
		{C791F911-5CCE-4F9B-8DE0-DE448AD8F2DF}.Debug|x64.ActiveCfg = Debug|x64
		{C791F911-5CCE-4F9B-8DE0-DE448AD8F2DF}.Debug|x64.Build.0 = Debug|x64
		{C791F911-5CCE-4F9B-8DE0-DE448AD8F2DF}.Debug|x86.ActiveCfg = Debug|Win32
		{C791F911-5CCE-4F9B-8DE0-DE448AD8F2DF}.Debug|x86.Build.0 = Debug|Win32
		{C791F911-5CCE-4F9B-8DE0-DE448AD8F2DF}.Release|x64.ActiveCfg = Release|x64
		{C791F911-5CCE-4F9B-8DE0-DE448AD8F2DF}.Release|x64.Build.0 = Release|x64
		{C791F911-5CCE-4F9B-8DE0-DE448AD8F2DF}.Release|x86.ActiveCfg = Release|Win32
		{C791F911-5CCE-4F9B-8DE0-DE448AD8F2DF}.Release|x86.Build.0 = Release|Win32
		{ED05B0EC-35B7-4D0E-B61C-2793F502A7E8}.Debug|x64.ActiveCfg = Debug|x64
		{ED05B0EC-35B7-4D0E-B61C-2793F502A7E8}.Debug|x64.Build.0 = Debug|x64
		{ED05B0EC-35B7-4D0E-B61C-2793F502A7E8}.Debug|x86.ActiveCfg = Debug|Win32
		{ED05B0EC-35B7-4D0E-B61C-2793F502A7E8}.Debug|x86.Build.0 = Debug|Win32
		{ED05B0EC-35B7-4D0E-B61C-2793F502A7E8}.Release|x64.ActiveCfg = Release|x64
		{ED05B0EC-35B7-4D0E-B61C-2793F502A7E8}.Release|x64.Build.0 = Release|x64
		{ED05B0EC-35B7-4D0E-B61C-2793F502A7E8}.Release|x86.ActiveCfg = Release|Win32
		{ED05B0EC-35B7-4D0E-B61C-2793F502A7E8}.Release|x86.Build.0 = Release|Win32
		{034EE41A-CCE9-4F68-B828-BCAEAED01B87}.Debug|x64.ActiveCfg = Debug|x64
		{034EE41A-CCE9-4F68-B828-BCAEAED01B87}.Debug|x64.Build.0 = Debug|x64
		{034EE41A-CCE9-4F68-B828-BCAEAED01B87}.Debug|x86.ActiveCfg = Debug|Win32
		{034EE41A-CCE9-4F68-B828-BCAEAED01B87}.Debug|x86.Build.0 = Debug|Win32
		{034EE41A-CCE9-4F68-B828-BCAEAED01B87}.Release|x64.ActiveCfg = Release|x64
		{034EE41A-CCE9-4F68-B828-BCAEAED01B87}.Release|x64.Build.0 = Release|x64
		{034EE41A-CCE9-4F68-B828-BCAEAED01B87}.Release|x86.ActiveCfg = Release|Win32
		{034EE41A-CCE9-4F68-B828-BCAEAED01B87}.Release|x86.Build.0 = Release|Win32
		{9E28B7F4-488F-4619-986D-C81466DE70D8}.Debug|x64.ActiveCfg = Debug|x64
		{9E28B7F4-488F-4619-986D-C81466DE70D8}.Debug|x64.Build.0 = Debug|x64
		{9E28B7F4-488F-4619-986D-C81466DE70D8}.Debug|x86.ActiveCfg = Debug|Win32
		{9E28B7F4-488F-4619-986D-C81466DE70D8}.Debug|x86.Build.0 = Debug|Win32
		{9E28B7F4-488F-4619-986D-C81466DE70D8}.Release|x64.ActiveCfg = Release|x64
		{9E28B7F4-488F-4619-986D-C81466DE70D8}.Release|x64.Build.0 = Release|x64
		{9E28B7F4-488F-4619-986D-C81466DE70D8}.Release|x86.ActiveCfg = Release|Win32
		{9E28B7F4-488F-4619-986D-C81466DE70D8}.Release|x86.Build.0 = Release|Win32
		{415AB948-E645-484D-BDBC-34CD58675058}.Debug|x64.ActiveCfg = Debug|x64
		{415AB948-E645-484D-BDBC-34CD58675058}.Debug|x64.Build.0 = Debug|x64
		{415AB948-E645-484D-BDBC-34CD58675058}.Debug|x86.ActiveCfg = Debug|Win32
		{415AB948-E645-484D-BDBC-34CD58675058}.Debug|x86.Build.0 = Debug|Win32
		{415AB948-E645-484D-BDBC-34CD58675058}.Release|x64.ActiveCfg = Release|x64
		{415AB948-E645-484D-BDBC-34CD58675058}.Release|x64.Build.0 = Release|x64
		{415AB948-E645-484D-BDBC-34CD58675058}.Release|x86.ActiveCfg = Release|Win32
		{415AB948-E645-484D-BDBC-34CD58675058}.Release|x86.Build.0 = Release|Win32
		{E8D4C4DC-C627-48D3-AAC9-2E1C13613CB6}.Debug|x64.ActiveCfg = Debug|x64
		{E8D4C4DC-C627-48D3-AAC9-2E1C13613CB6}.Debug|x64.Build.0 = Debug|x64
		{E8D4C4DC-C627-48D3-AAC9-2E1C13613CB6}.Debug|x86.ActiveCfg = Debug|Win32
		{E8D4C4DC-C627-48D3-AAC9-2E1C13613CB6}.Debug|x86.Build.0 = Debug|Win32
		{E8D4C4DC-C627-48D3-AAC9-2E1C13613CB6}.Release|x64.ActiveCfg = Release|x64
		{E8D4C4DC-C627-48D3-AAC9-2E1C13613CB6}.Release|x64.Build.0 = Release|x64
		{E8D4C4DC-C627-48D3-AAC9-2E1C13613CB6}.Release|x86.ActiveCfg = Release|Win32
		{E8D4C4DC-C627-48D3-AAC9-2E1C13613CB6}.Release|x86.Build.0 = Release|Win32
		{F46645F6-9E35-4361-8A1F-CC8D744DA28A}.Debug|x64.ActiveCfg = Debug|x64
		{F46645F6-9E35-4361-8A1F-CC8D744DA28A}.Debug|x64.Build.0 = Debug|x64
		{F46645F6-9E35-4361-8A1F-CC8D744DA28A}.Debug|x86.ActiveCfg = Debug|Win32
		{F46645F6-9E35-4361-8A1F-CC8D744DA28A}.Debug|x86.Build.0 = Debug|Win32
		{F46645F6-9E35-4361-8A1F-CC8D744DA28A}.Release|x64.ActiveCfg = Release|x64
		{F46645F6-9E35-4361-8A1F-CC8D744DA28A}.Release|x64.Build.0 = Release|x64
		{F46645F6-9E35-4361-8A1F-CC8D744DA28A}.Release|x86.ActiveCfg = Release|Win32
		{F46645F6-9E35-4361-8A1F-CC8D744DA28A}.Release|x86.Build.0 = Release|Win32
		{ED29D6C0-E785-4EFD-A0D8-2D81264F5495}.Debug|x64.ActiveCfg = Debug|x64
		{ED29D6C0-E785-4EFD-A0D8-2D81264F5495}.Debug|x64.Build.0 = Debug|x64
		{ED29D6C0-E785-4EFD-A0D8-2D81264F5495}.Debug|x86.ActiveCfg = Debug|Win32
		{ED29D6C0-E785-4EFD-A0D8-2D81264F5495}.Debug|x86.Build.0 = Debug|Win32
		{ED29D6C0-E785-4EFD-A0D8-2D81264F5495}.Release|x64.ActiveCfg = Release|x64
		{ED29D6C0-E785-4EFD-A0D8-2D81264F5495}.Release|x64.Build.0 = Release|x64
		{ED29D6C0-E785-4EFD-A0D8-2D81264F5495}.Release|x86.ActiveCfg = Release|Win32
		{ED29D6C0-E785-4EFD-A0D8-2D81264F5495}.Release|x86.Build.0 = Release|Win32
	EndGlobalSection
	GlobalSection(SolutionProperties) = preSolution
		HideSolutionNode = FALSE
	EndGlobalSection
	GlobalSection(ExtensibilityGlobals) = postSolution
		SolutionGuid = {3CE3FFE7-D558-4DC7-A661-620D12119361}
	EndGlobalSection
EndGlobal
